// !$*UTF8*$!
{
	archiveVersion = 1;
	classes = {
	};
	objectVersion = 90;
	objects = {

/* Begin PBXContainerItemProxy section */
		0B5F641B2F480DA900682874 /* PBXContainerItemProxy */ = {
			isa = PBXContainerItemProxy;
			containerPortal = 0B5F29502F452BCF00682874 /* Project object */;
			proxyType = 1;
			remoteGlobalIDString = 0B5F29572F452BCF00682874;
			remoteInfo = Rilmazafone;
		};
/* End PBXContainerItemProxy section */

/* Begin PBXFileReference section */
		0B5F29582F452BCF00682874 /* Rilmazafone.app */ = {isa = PBXFileReference; explicitFileType = wrapper.application; includeInIndex = 0; path = Rilmazafone.app; sourceTree = BUILT_PRODUCTS_DIR; };
		0BA5F00100000000000000A1 /* Rilmazafone AS.app */ = {isa = PBXFileReference; explicitFileType = wrapper.application; includeInIndex = 0; path = "Rilmazafone AS.app"; sourceTree = BUILT_PRODUCTS_DIR; };
		0B5F64172F480DA900682874 /* RilmazafoneTests.xctest */ = {isa = PBXFileReference; explicitFileType = wrapper.cfbundle; includeInIndex = 0; path = RilmazafoneTests.xctest; sourceTree = BUILT_PRODUCTS_DIR; };
/* End PBXFileReference section */

/* Begin PBXFileSystemSynchronizedBuildFileExceptionSet section */
		0B5F29642F452BD100682874 /* Exceptions for "Rilmazafone" folder in "Rilmazafone" target */ = {
			isa = PBXFileSystemSynchronizedBuildFileExceptionSet;
			membershipExceptions = (
				Info.plist,
			);
			target = 0B5F29572F452BCF00682874 /* Rilmazafone */;
		};
		0BA5F00100000000000000AA /* Exceptions for "Rilmazafone" folder in "Rilmazafone AS" target */ = {
			isa = PBXFileSystemSynchronizedBuildFileExceptionSet;
			membershipExceptions = (
				Info.plist,
			);
			target = 0BA5F00100000000000000A2 /* Rilmazafone AS */;
		};
/* End PBXFileSystemSynchronizedBuildFileExceptionSet section */

/* Begin PBXFileSystemSynchronizedRootGroup section */
		0B5F295A2F452BCF00682874 /* Rilmazafone */ = {
			isa = PBXFileSystemSynchronizedRootGroup;
			exceptions = (
				0B5F29642F452BD100682874 /* Exceptions for "Rilmazafone" folder in "Rilmazafone" target */,
				0BA5F00100000000000000AA /* Exceptions for "Rilmazafone" folder in "Rilmazafone AS" target */,
			);
			explicitFileTypes = {
			};
			explicitFolders = (
				Resources/Templates,
			);
			path = Rilmazafone;
			sourceTree = "<group>";
		};
		0B5F64182F480DA900682874 /* RilmazafoneTests */ = {
			isa = PBXFileSystemSynchronizedRootGroup;
			path = RilmazafoneTests;
			sourceTree = "<group>";
		};
/* End PBXFileSystemSynchronizedRootGroup section */

/* Begin PBXFrameworksBuildPhase section */
		0B5F29552F452BCF00682874 /* Frameworks */ = {
			isa = PBXFrameworksBuildPhase;
			files = (
			);
		};
		0B5F64142F480DA900682874 /* Frameworks */ = {
			isa = PBXFrameworksBuildPhase;
			files = (
			);
		};
		0BA5F00100000000000000A4 /* Frameworks */ = {
			isa = PBXFrameworksBuildPhase;
			files = (
			);
		};
/* End PBXFrameworksBuildPhase section */

/* Begin PBXGroup section */
		0B5F294F2F452BCF00682874 = {
			isa = PBXGroup;
			children = (
				0B5F295A2F452BCF00682874 /* Rilmazafone */,
				0B5F64182F480DA900682874 /* RilmazafoneTests */,
				0B5F29592F452BCF00682874 /* Products */,
			);
			sourceTree = "<group>";
		};
		0B5F29592F452BCF00682874 /* Products */ = {
			isa = PBXGroup;
			children = (
				0B5F29582F452BCF00682874 /* Rilmazafone.app */,
				0BA5F00100000000000000A1 /* Rilmazafone AS.app */,
				0B5F64172F480DA900682874 /* RilmazafoneTests.xctest */,
			);
			name = Products;
			sourceTree = "<group>";
		};
/* End PBXGroup section */

/* Begin PBXNativeTarget section */
		0B5F29572F452BCF00682874 /* Rilmazafone */ = {
			isa = PBXNativeTarget;
			buildConfigurationList = 0B5F29652F452BD100682874 /* Build configuration list for PBXNativeTarget "Rilmazafone" */;
			buildPhases = (
				0B5F29542F452BCF00682874 /* Sources */,
				0B5F29552F452BCF00682874 /* Frameworks */,
				0B5F29562F452BCF00682874 /* Resources */,
			);
			buildRules = (
			);
			fileSystemSynchronizedGroups = (
				0B5F295A2F452BCF00682874 /* Rilmazafone */,
			);
			name = Rilmazafone;
			productName = Rilmazafone;
			productReference = 0B5F29582F452BCF00682874 /* Rilmazafone.app */;
			productType = "com.apple.product-type.application";
		};
		0BA5F00100000000000000A2 /* Rilmazafone AS */ = {
			isa = PBXNativeTarget;
			buildConfigurationList = 0BA5F00100000000000000A7 /* Build configuration list for PBXNativeTarget "Rilmazafone AS" */;
			buildPhases = (
				0BA5F00100000000000000A3 /* Sources */,
				0BA5F00100000000000000A4 /* Frameworks */,
				0BA5F00100000000000000A5 /* Resources */,
				0BA5F00100000000000000A6 /* Private Symbol Gate */,
			);
			buildRules = (
			);
			fileSystemSynchronizedGroups = (
				0B5F295A2F452BCF00682874 /* Rilmazafone */,
			);
			name = "Rilmazafone AS";
			productName = "Rilmazafone AS";
			productReference = 0BA5F00100000000000000A1 /* Rilmazafone AS.app */;
			productType = "com.apple.product-type.application";
		};
		0B5F64162F480DA900682874 /* RilmazafoneTests */ = {
			isa = PBXNativeTarget;
			buildConfigurationList = 0B5F641D2F480DA900682874 /* Build configuration list for PBXNativeTarget "RilmazafoneTests" */;
			buildPhases = (
				0B5F64132F480DA900682874 /* Sources */,
				0B5F64142F480DA900682874 /* Frameworks */,
				0B5F64152F480DA900682874 /* Resources */,
			);
			buildRules = (
			);
			dependencies = (
				0B5F641C2F480DA900682874 /* PBXTargetDependency */,
			);
			fileSystemSynchronizedGroups = (
				0B5F64182F480DA900682874 /* RilmazafoneTests */,
			);
			name = RilmazafoneTests;
			productName = RilmazafoneTests;
			productReference = 0B5F64172F480DA900682874 /* RilmazafoneTests.xctest */;
			productType = "com.apple.product-type.bundle.unit-test";
		};
/* End PBXNativeTarget section */

/* Begin PBXProject section */
		0B5F29502F452BCF00682874 /* Project object */ = {
			isa = PBXProject;
			attributes = {
				BuildIndependentTargetsInParallel = 1;
				LastSwiftUpdateCheck = 2620;
				LastUpgradeCheck = 2620;
				TargetAttributes = {
					0B5F29572F452BCF00682874 = {
						CreatedOnToolsVersion = 26.2;
					};
					0BA5F00100000000000000A2 = {
						CreatedOnToolsVersion = 26.2;
					};
					0B5F64162F480DA900682874 = {
						CreatedOnToolsVersion = 26.2;
						TestTargetID = 0B5F29572F452BCF00682874;
					};
				};
			};
			buildConfigurationList = 0B5F29532F452BCF00682874 /* Build configuration list for PBXProject "Rilmazafone" */;
			developmentRegion = en;
			hasScannedForEncodings = 0;
			knownRegions = (
				en,
				Base,
			);
			mainGroup = 0B5F294F2F452BCF00682874;
			minimizedProjectReferenceProxies = 1;
			preferredProjectObjectVersion = 90;
			productRefGroup = 0B5F29592F452BCF00682874 /* Products */;
			projectDirPath = "";
			projectRoot = "";
			targets = (
				0B5F29572F452BCF00682874 /* Rilmazafone */,
				0BA5F00100000000000000A2 /* Rilmazafone AS */,
				0B5F64162F480DA900682874 /* RilmazafoneTests */,
			);
		};
/* End PBXProject section */

/* Begin PBXResourcesBuildPhase section */
		0B5F29562F452BCF00682874 /* Resources */ = {
			isa = PBXResourcesBuildPhase;
			files = (
			);
		};
		0B5F64152F480DA900682874 /* Resources */ = {
			isa = PBXResourcesBuildPhase;
			files = (
			);
		};
		0BA5F00100000000000000A5 /* Resources */ = {
			isa = PBXResourcesBuildPhase;
			files = (
			);
		};
/* End PBXResourcesBuildPhase section */

/* Begin PBXShellScriptBuildPhase section */
		0BA5F00100000000000000A6 /* Private Symbol Gate */ = {
			isa = PBXShellScriptBuildPhase;
			alwaysOutOfDate = 1;
			buildActionMask = 2147483647;
			files = (
			);
			inputFileListPaths = (
			);
			inputPaths = (
			);
			name = "Private Symbol Gate";
			outputFileListPaths = (
			);
			outputPaths = (
			);
			runOnlyForDeploymentPostprocessing = 0;
			shellPath = /bin/sh;
			shellScript = "if [ \"${CONFIGURATION}\" != \"Release\" ]; then\n  echo \"Private Symbol Gate: skipped for ${CONFIGURATION} configuration\"\n  exit 0\nfi\n\nBINARY=\"${CODESIGNING_FOLDER_PATH}/Contents/MacOS/${EXECUTABLE_NAME}\"\nif [ ! -f \"${BINARY}\" ]; then\n  echo \"error: Private Symbol Gate: built binary not found at ${BINARY}\"\n  exit 1\nfi\n\nDUMP=\"$(nm -m \"${BINARY}\" 2>/dev/null; strings -a \"${BINARY}\" 2>/dev/null)\"\nSTATUS=0\nfor SYM in CABackdropLayer CAFilter windowServerAware bleedAmount allowsInPlaceFiltering; do\n  if printf '%s' \"${DUMP}\" | grep -q \"${SYM}\"; then\n    echo \"error: Private Symbol Gate: forbidden private-API symbol '${SYM}' found in ${EXECUTABLE_NAME}. The App Store build must never reference private QuartzCore APIs (CABackdropLayer/CAFilter). Ensure BackdropBlurView.swift and the private headers are excluded from the Rilmazafone AS target.\"\n    STATUS=1\n  fi\ndone\n\nif [ ${STATUS} -eq 0 ]; then\n  echo \"Private Symbol Gate: passed - no private QuartzCore symbols in ${EXECUTABLE_NAME}\"\nfi\nexit ${STATUS}\n";
		};
/* End PBXShellScriptBuildPhase section */

/* Begin PBXSourcesBuildPhase section */
		0B5F29542F452BCF00682874 /* Sources */ = {
			isa = PBXSourcesBuildPhase;
			files = (
			);
		};
		0B5F64132F480DA900682874 /* Sources */ = {
			isa = PBXSourcesBuildPhase;
			files = (
			);
		};
		0BA5F00100000000000000A3 /* Sources */ = {
			isa = PBXSourcesBuildPhase;
			files = (
			);
		};
/* End PBXSourcesBuildPhase section */

/* Begin PBXTargetDependency section */
		0B5F641C2F480DA900682874 /* PBXTargetDependency */ = {
			isa = PBXTargetDependency;
			target = 0B5F29572F452BCF00682874 /* Rilmazafone */;
			targetProxy = 0B5F641B2F480DA900682874 /* PBXContainerItemProxy */;
		};
/* End PBXTargetDependency section */

/* Begin XCBuildConfiguration section */
		0B5F29662F452BD100682874 /* Debug configuration for PBXNativeTarget "Rilmazafone" */ = {
			isa = XCBuildConfiguration;
			buildSettings = {
				ASSETCATALOG_COMPILER_APPICON_NAME = AppIcon;
				ASSETCATALOG_COMPILER_GLOBAL_ACCENT_COLOR_NAME = AccentColor;
				CODE_SIGN_STYLE = Automatic;
				COMBINE_HIDPI_IMAGES = YES;
				CURRENT_PROJECT_VERSION = 1;
				ENABLE_APP_SANDBOX = NO;
				ENABLE_PREVIEWS = YES;
				ENABLE_USER_SELECTED_FILES = readwrite;
				GENERATE_INFOPLIST_FILE = YES;
				INFOPLIST_FILE = Rilmazafone/Info.plist;
				INFOPLIST_KEY_LSApplicationCategoryType = "public.app-category.developer-tools";
				INFOPLIST_KEY_NSHumanReadableCopyright = "© 2026 kagerou.glass";
				LD_RUNPATH_SEARCH_PATHS = (
					"$(inherited)",
					"@executable_path/../Frameworks",
				);
				MACOSX_DEPLOYMENT_TARGET = 26.0;
				MARKETING_VERSION = 1.0;
				PRODUCT_BUNDLE_IDENTIFIER = glass.kagerou.rilmazafone;
				PRODUCT_NAME = "$(TARGET_NAME)";
				REGISTER_APP_GROUPS = YES;
				STRING_CATALOG_GENERATE_SYMBOLS = YES;
				SWIFT_APPROACHABLE_CONCURRENCY = YES;
				SWIFT_DEFAULT_ACTOR_ISOLATION = MainActor;
				SWIFT_EMIT_LOC_STRINGS = YES;
				SWIFT_STRICT_CONCURRENCY = complete;
				SWIFT_UPCOMING_FEATURE_EXISTENTIAL_ANY = YES;
				SWIFT_UPCOMING_FEATURE_INTERNAL_IMPORTS_BY_DEFAULT = YES;
				SWIFT_UPCOMING_FEATURE_MEMBER_IMPORT_VISIBILITY = YES;
				SWIFT_VERSION = 6.0;
			};
			name = Debug;
		};
		0B5F29672F452BD100682874 /* Release configuration for PBXNativeTarget "Rilmazafone" */ = {
			isa = XCBuildConfiguration;
			buildSettings = {
				ASSETCATALOG_COMPILER_APPICON_NAME = AppIcon;
				ASSETCATALOG_COMPILER_GLOBAL_ACCENT_COLOR_NAME = AccentColor;
				CODE_SIGN_STYLE = Automatic;
				COMBINE_HIDPI_IMAGES = YES;
				CURRENT_PROJECT_VERSION = 1;
				ENABLE_APP_SANDBOX = NO;
				ENABLE_PREVIEWS = YES;
				ENABLE_USER_SELECTED_FILES = readwrite;
				GENERATE_INFOPLIST_FILE = YES;
				INFOPLIST_FILE = Rilmazafone/Info.plist;
				INFOPLIST_KEY_LSApplicationCategoryType = "public.app-category.developer-tools";
				INFOPLIST_KEY_NSHumanReadableCopyright = "© 2026 kagerou.glass";
				LD_RUNPATH_SEARCH_PATHS = (
					"$(inherited)",
					"@executable_path/../Frameworks",
				);
				MACOSX_DEPLOYMENT_TARGET = 26.0;
				MARKETING_VERSION = 1.0;
				PRODUCT_BUNDLE_IDENTIFIER = glass.kagerou.rilmazafone;
				PRODUCT_NAME = "$(TARGET_NAME)";
				REGISTER_APP_GROUPS = YES;
				STRING_CATALOG_GENERATE_SYMBOLS = YES;
				SWIFT_APPROACHABLE_CONCURRENCY = YES;
				SWIFT_DEFAULT_ACTOR_ISOLATION = MainActor;
				SWIFT_EMIT_LOC_STRINGS = YES;
				SWIFT_STRICT_CONCURRENCY = complete;
				SWIFT_UPCOMING_FEATURE_EXISTENTIAL_ANY = YES;
				SWIFT_UPCOMING_FEATURE_INTERNAL_IMPORTS_BY_DEFAULT = YES;
				SWIFT_UPCOMING_FEATURE_MEMBER_IMPORT_VISIBILITY = YES;
				SWIFT_VERSION = 6.0;
			};
			name = Release;
		};
		0BA5F00100000000000000A8 /* Debug configuration for PBXNativeTarget "Rilmazafone AS" */ = {
			isa = XCBuildConfiguration;
			buildSettings = {
				ASSETCATALOG_COMPILER_APPICON_NAME = AppIcon;
				ASSETCATALOG_COMPILER_GLOBAL_ACCENT_COLOR_NAME = AccentColor;
				CODE_SIGN_ENTITLEMENTS = Rilmazafone/RilmazafoneAS.entitlements;
				CODE_SIGN_STYLE = Automatic;
				COMBINE_HIDPI_IMAGES = YES;
				CURRENT_PROJECT_VERSION = 1;
				ENABLE_APP_SANDBOX = YES;
				ENABLE_HARDENED_RUNTIME = YES;
				ENABLE_PREVIEWS = YES;
				ENABLE_USER_SCRIPT_SANDBOXING = NO;
				ENABLE_USER_SELECTED_FILES = readwrite;
				GENERATE_INFOPLIST_FILE = YES;
				INFOPLIST_FILE = Rilmazafone/Info.plist;
				INFOPLIST_KEY_LSApplicationCategoryType = "public.app-category.developer-tools";
				INFOPLIST_KEY_NSHumanReadableCopyright = "© 2026 kagerou.glass";
				LD_RUNPATH_SEARCH_PATHS = (
					"$(inherited)",
					"@executable_path/../Frameworks",
				);
				MACOSX_DEPLOYMENT_TARGET = 26.0;
				MARKETING_VERSION = 1.0;
				PRODUCT_BUNDLE_IDENTIFIER = glass.kagerou.rilmazafone;
				PRODUCT_NAME = "$(TARGET_NAME)";
				REGISTER_APP_GROUPS = YES;
				STRING_CATALOG_GENERATE_SYMBOLS = YES;
				SWIFT_ACTIVE_COMPILATION_CONDITIONS = "APPSTORE DEBUG";
				SWIFT_APPROACHABLE_CONCURRENCY = YES;
				SWIFT_DEFAULT_ACTOR_ISOLATION = MainActor;
				SWIFT_EMIT_LOC_STRINGS = YES;
				SWIFT_STRICT_CONCURRENCY = complete;
				SWIFT_UPCOMING_FEATURE_EXISTENTIAL_ANY = YES;
				SWIFT_UPCOMING_FEATURE_INTERNAL_IMPORTS_BY_DEFAULT = YES;
				SWIFT_UPCOMING_FEATURE_MEMBER_IMPORT_VISIBILITY = YES;
				SWIFT_VERSION = 6.0;
			};
			name = Debug;
		};
		0BA5F00100000000000000A9 /* Release configuration for PBXNativeTarget "Rilmazafone AS" */ = {
			isa = XCBuildConfiguration;
			buildSettings = {
				ASSETCATALOG_COMPILER_APPICON_NAME = AppIcon;
				ASSETCATALOG_COMPILER_GLOBAL_ACCENT_COLOR_NAME = AccentColor;
				CODE_SIGN_ENTITLEMENTS = Rilmazafone/RilmazafoneAS.entitlements;
				CODE_SIGN_STYLE = Automatic;
				COMBINE_HIDPI_IMAGES = YES;
				CURRENT_PROJECT_VERSION = 1;
				ENABLE_APP_SANDBOX = YES;
				ENABLE_HARDENED_RUNTIME = YES;
				ENABLE_PREVIEWS = YES;
				ENABLE_USER_SCRIPT_SANDBOXING = NO;
				ENABLE_USER_SELECTED_FILES = readwrite;
				GENERATE_INFOPLIST_FILE = YES;
				INFOPLIST_FILE = Rilmazafone/Info.plist;
				INFOPLIST_KEY_LSApplicationCategoryType = "public.app-category.developer-tools";
				INFOPLIST_KEY_NSHumanReadableCopyright = "© 2026 kagerou.glass";
				LD_RUNPATH_SEARCH_PATHS = (
					"$(inherited)",
					"@executable_path/../Frameworks",
				);
				MACOSX_DEPLOYMENT_TARGET = 26.0;
				MARKETING_VERSION = 1.0;
				PRODUCT_BUNDLE_IDENTIFIER = glass.kagerou.rilmazafone;
				PRODUCT_NAME = "$(TARGET_NAME)";
				REGISTER_APP_GROUPS = YES;
				STRING_CATALOG_GENERATE_SYMBOLS = YES;
				SWIFT_ACTIVE_COMPILATION_CONDITIONS = APPSTORE;
				SWIFT_APPROACHABLE_CONCURRENCY = YES;
				SWIFT_DEFAULT_ACTOR_ISOLATION = MainActor;
				SWIFT_EMIT_LOC_STRINGS = YES;
				SWIFT_STRICT_CONCURRENCY = complete;
				SWIFT_UPCOMING_FEATURE_EXISTENTIAL_ANY = YES;
				SWIFT_UPCOMING_FEATURE_INTERNAL_IMPORTS_BY_DEFAULT = YES;
				SWIFT_UPCOMING_FEATURE_MEMBER_IMPORT_VISIBILITY = YES;
				SWIFT_VERSION = 6.0;
			};
			name = Release;
		};
		0B5F29682F452BD100682874 /* Debug configuration for PBXProject "Rilmazafone" */ = {
			isa = XCBuildConfiguration;
			buildSettings = {
				ALWAYS_SEARCH_USER_PATHS = NO;
				ASSETCATALOG_COMPILER_GENERATE_SWIFT_ASSET_SYMBOL_EXTENSIONS = YES;
				CLANG_ANALYZER_NONNULL = YES;
				CLANG_ANALYZER_NUMBER_OBJECT_CONVERSION = YES_AGGRESSIVE;
				CLANG_CXX_LANGUAGE_STANDARD = "gnu++20";
				CLANG_ENABLE_MODULES = YES;
				CLANG_ENABLE_OBJC_ARC = YES;
				CLANG_ENABLE_OBJC_WEAK = YES;
				CLANG_WARN_BLOCK_CAPTURE_AUTORELEASING = YES;
				CLANG_WARN_BOOL_CONVERSION = YES;
				CLANG_WARN_COMMA = YES;
				CLANG_WARN_CONSTANT_CONVERSION = YES;
				CLANG_WARN_DEPRECATED_OBJC_IMPLEMENTATIONS = YES;
				CLANG_WARN_DIRECT_OBJC_ISA_USAGE = YES_ERROR;
				CLANG_WARN_DOCUMENTATION_COMMENTS = YES;
				CLANG_WARN_EMPTY_BODY = YES;
				CLANG_WARN_ENUM_CONVERSION = YES;
				CLANG_WARN_INFINITE_RECURSION = YES;
				CLANG_WARN_INT_CONVERSION = YES;
				CLANG_WARN_NON_LITERAL_NULL_CONVERSION = YES;
				CLANG_WARN_OBJC_IMPLICIT_RETAIN_SELF = YES;
				CLANG_WARN_OBJC_LITERAL_CONVERSION = YES;
				CLANG_WARN_OBJC_ROOT_CLASS = YES_ERROR;
				CLANG_WARN_QUOTED_INCLUDE_IN_FRAMEWORK_HEADER = YES;
				CLANG_WARN_RANGE_LOOP_ANALYSIS = YES;
				CLANG_WARN_STRICT_PROTOTYPES = YES;
				CLANG_WARN_SUSPICIOUS_MOVE = YES;
				CLANG_WARN_UNGUARDED_AVAILABILITY = YES_AGGRESSIVE;
				CLANG_WARN_UNREACHABLE_CODE = YES;
				CLANG_WARN__DUPLICATE_METHOD_MATCH = YES;
				COPY_PHASE_STRIP = NO;
				DEBUG_INFORMATION_FORMAT = dwarf;
				ENABLE_STRICT_OBJC_MSGSEND = YES;
				ENABLE_TESTABILITY = YES;
				ENABLE_USER_SCRIPT_SANDBOXING = YES;
				GCC_C_LANGUAGE_STANDARD = gnu17;
				GCC_DYNAMIC_NO_PIC = NO;
				GCC_NO_COMMON_BLOCKS = YES;
				GCC_OPTIMIZATION_LEVEL = 0;
				GCC_PREPROCESSOR_DEFINITIONS = (
					"DEBUG=1",
					"$(inherited)",
				);
				GCC_WARN_64_TO_32_BIT_CONVERSION = YES;
				GCC_WARN_ABOUT_RETURN_TYPE = YES_ERROR;
				GCC_WARN_UNDECLARED_SELECTOR = YES;
				GCC_WARN_UNINITIALIZED_AUTOS = YES_AGGRESSIVE;
				GCC_WARN_UNUSED_FUNCTION = YES;
				GCC_WARN_UNUSED_VARIABLE = YES;
				LOCALIZATION_PREFERS_STRING_CATALOGS = YES;
				MACOSX_DEPLOYMENT_TARGET = 26.2;
				MTL_ENABLE_DEBUG_INFO = INCLUDE_SOURCE;
				MTL_FAST_MATH = YES;
				ONLY_ACTIVE_ARCH = YES;
				SDKROOT = macosx;
				SWIFT_ACTIVE_COMPILATION_CONDITIONS = "DEBUG $(inherited)";
				SWIFT_OPTIMIZATION_LEVEL = "-Onone";
			};
			name = Debug;
		};
		0B5F29692F452BD100682874 /* Release configuration for PBXProject "Rilmazafone" */ = {
			isa = XCBuildConfiguration;
			buildSettings = {
				ALWAYS_SEARCH_USER_PATHS = NO;
				ASSETCATALOG_COMPILER_GENERATE_SWIFT_ASSET_SYMBOL_EXTENSIONS = YES;
				CLANG_ANALYZER_NONNULL = YES;
				CLANG_ANALYZER_NUMBER_OBJECT_CONVERSION = YES_AGGRESSIVE;
				CLANG_CXX_LANGUAGE_STANDARD = "gnu++20";
				CLANG_ENABLE_MODULES = YES;
				CLANG_ENABLE_OBJC_ARC = YES;
				CLANG_ENABLE_OBJC_WEAK = YES;
				CLANG_WARN_BLOCK_CAPTURE_AUTORELEASING = YES;
				CLANG_WARN_BOOL_CONVERSION = YES;
				CLANG_WARN_COMMA = YES;
				CLANG_WARN_CONSTANT_CONVERSION = YES;
				CLANG_WARN_DEPRECATED_OBJC_IMPLEMENTATIONS = YES;
				CLANG_WARN_DIRECT_OBJC_ISA_USAGE = YES_ERROR;
				CLANG_WARN_DOCUMENTATION_COMMENTS = YES;
				CLANG_WARN_EMPTY_BODY = YES;
				CLANG_WARN_ENUM_CONVERSION = YES;
				CLANG_WARN_INFINITE_RECURSION = YES;
				CLANG_WARN_INT_CONVERSION = YES;
				CLANG_WARN_NON_LITERAL_NULL_CONVERSION = YES;
				CLANG_WARN_OBJC_IMPLICIT_RETAIN_SELF = YES;
				CLANG_WARN_OBJC_LITERAL_CONVERSION = YES;
				CLANG_WARN_OBJC_ROOT_CLASS = YES_ERROR;
				CLANG_WARN_QUOTED_INCLUDE_IN_FRAMEWORK_HEADER = YES;
				CLANG_WARN_RANGE_LOOP_ANALYSIS = YES;
				CLANG_WARN_STRICT_PROTOTYPES = YES;
				CLANG_WARN_SUSPICIOUS_MOVE = YES;
				CLANG_WARN_UNGUARDED_AVAILABILITY = YES_AGGRESSIVE;
				CLANG_WARN_UNREACHABLE_CODE = YES;
				CLANG_WARN__DUPLICATE_METHOD_MATCH = YES;
				COPY_PHASE_STRIP = NO;
				DEBUG_INFORMATION_FORMAT = "dwarf-with-dsym";
				ENABLE_NS_ASSERTIONS = NO;
				ENABLE_STRICT_OBJC_MSGSEND = YES;
				ENABLE_USER_SCRIPT_SANDBOXING = YES;
				GCC_C_LANGUAGE_STANDARD = gnu17;
				GCC_NO_COMMON_BLOCKS = YES;
				GCC_WARN_64_TO_32_BIT_CONVERSION = YES;
				GCC_WARN_ABOUT_RETURN_TYPE = YES_ERROR;
				GCC_WARN_UNDECLARED_SELECTOR = YES;
				GCC_WARN_UNINITIALIZED_AUTOS = YES_AGGRESSIVE;
				GCC_WARN_UNUSED_FUNCTION = YES;
				GCC_WARN_UNUSED_VARIABLE = YES;
				LOCALIZATION_PREFERS_STRING_CATALOGS = YES;
				MACOSX_DEPLOYMENT_TARGET = 26.2;
				MTL_ENABLE_DEBUG_INFO = NO;
				MTL_FAST_MATH = YES;
				SDKROOT = macosx;
				SWIFT_COMPILATION_MODE = wholemodule;
			};
			name = Release;
		};
		0B5F641E2F480DA900682874 /* Debug configuration for PBXNativeTarget "RilmazafoneTests" */ = {
			isa = XCBuildConfiguration;
			buildSettings = {
				BUNDLE_LOADER = "$(TEST_HOST)";
				CODE_SIGN_STYLE = Automatic;
				CURRENT_PROJECT_VERSION = 1;
				GENERATE_INFOPLIST_FILE = YES;
				MARKETING_VERSION = 1.0;
				PRODUCT_BUNDLE_IDENTIFIER = glass.kagerou.rilmazafone.tests;
				PRODUCT_NAME = "$(TARGET_NAME)";
				STRING_CATALOG_GENERATE_SYMBOLS = NO;
				SWIFT_APPROACHABLE_CONCURRENCY = YES;
				SWIFT_EMIT_LOC_STRINGS = NO;
				SWIFT_UPCOMING_FEATURE_MEMBER_IMPORT_VISIBILITY = YES;
				SWIFT_VERSION = 5.0;
				TEST_HOST = "$(BUILT_PRODUCTS_DIR)/Rilmazafone.app/$(BUNDLE_EXECUTABLE_FOLDER_PATH)/Rilmazafone";
			};
			name = Debug;
		};
		0B5F641F2F480DA900682874 /* Release configuration for PBXNativeTarget "RilmazafoneTests" */ = {
			isa = XCBuildConfiguration;
			buildSettings = {
				BUNDLE_LOADER = "$(TEST_HOST)";
				CODE_SIGN_STYLE = Automatic;
				CURRENT_PROJECT_VERSION = 1;
				GENERATE_INFOPLIST_FILE = YES;
				MARKETING_VERSION = 1.0;
				PRODUCT_BUNDLE_IDENTIFIER = glass.kagerou.rilmazafone.tests;
				PRODUCT_NAME = "$(TARGET_NAME)";
				STRING_CATALOG_GENERATE_SYMBOLS = NO;
				SWIFT_APPROACHABLE_CONCURRENCY = YES;
				SWIFT_EMIT_LOC_STRINGS = NO;
				SWIFT_UPCOMING_FEATURE_MEMBER_IMPORT_VISIBILITY = YES;
				SWIFT_VERSION = 5.0;
				TEST_HOST = "$(BUILT_PRODUCTS_DIR)/Rilmazafone.app/$(BUNDLE_EXECUTABLE_FOLDER_PATH)/Rilmazafone";
			};
			name = Release;
		};
/* End XCBuildConfiguration section */

/* Begin XCConfigurationList section */
		0B5F29532F452BCF00682874 /* Build configuration list for PBXProject "Rilmazafone" */ = {
			isa = XCConfigurationList;
			buildConfigurations = (
				0B5F29682F452BD100682874 /* Debug configuration for PBXProject "Rilmazafone" */,
				0B5F29692F452BD100682874 /* Release configuration for PBXProject "Rilmazafone" */,
			);
			defaultConfigurationName = Release;
		};
		0B5F29652F452BD100682874 /* Build configuration list for PBXNativeTarget "Rilmazafone" */ = {
			isa = XCConfigurationList;
			buildConfigurations = (
				0B5F29662F452BD100682874 /* Debug configuration for PBXNativeTarget "Rilmazafone" */,
				0B5F29672F452BD100682874 /* Release configuration for PBXNativeTarget "Rilmazafone" */,
			);
			defaultConfigurationName = Release;
		};
		0BA5F00100000000000000A7 /* Build configuration list for PBXNativeTarget "Rilmazafone AS" */ = {
			isa = XCConfigurationList;
			buildConfigurations = (
				0BA5F00100000000000000A8 /* Debug configuration for PBXNativeTarget "Rilmazafone AS" */,
				0BA5F00100000000000000A9 /* Release configuration for PBXNativeTarget "Rilmazafone AS" */,
			);
			defaultConfigurationName = Release;
		};
		0B5F641D2F480DA900682874 /* Build configuration list for PBXNativeTarget "RilmazafoneTests" */ = {
			isa = XCConfigurationList;
			buildConfigurations = (
				0B5F641E2F480DA900682874 /* Debug configuration for PBXNativeTarget "RilmazafoneTests" */,
				0B5F641F2F480DA900682874 /* Release configuration for PBXNativeTarget "RilmazafoneTests" */,
			);
			defaultConfigurationName = Release;
		};
/* End XCConfigurationList section */
	};
	rootObject = 0B5F29502F452BCF00682874 /* Project object */;
}
